lockfileVersion: 5.4

specifiers:
  '@tanstack/react-query': ^4.26.1
  '@trpc/next': ^10.15.0
  '@trpc/react-query': ^10.15.0
  '@trpc/server': ^10.15.0

dependencies:
  '@tanstack/react-query': 4.26.1
  '@trpc/next': 10.15.0_u4sdhgfjupqlx2ft4o5jmnw3da
  '@trpc/react-query': 10.15.0_27hdbl5jfoeo3xbyqmrxqe3xfa
  '@trpc/server': 10.15.0

packages:

  /@tanstack/query-core/4.26.1:
    resolution: {integrity: sha512-Zrx2pVQUP4ndnsu6+K/m8zerXSVY8QM+YSbxA1/jbBY21GeCd5oKfYl92oXPK0hPEUtoNuunIdiq0ZMqLos+Zg==}
    dev: false

  /@tanstack/react-query/4.26.1:
    resolution: {integrity: sha512-i3dnz4TOARGIXrXQ5P7S25Zfi4noii/bxhcwPurh2nrf5EUCcAt/95TB2HSmMweUBx206yIMWUMEQ7ptd6zwDg==}
    peerDependencies:
      react: ^16.8.0 || ^17.0.0 || ^18.0.0
      react-dom: ^16.8.0 || ^17.0.0 || ^18.0.0
      react-native: '*'
    peerDependenciesMeta:
      react-dom:
        optional: true
      react-native:
        optional: true
    dependencies:
      '@tanstack/query-core': 4.26.1
      use-sync-external-store: 1.2.0
    dev: false

  /@trpc/next/10.15.0_u4sdhgfjupqlx2ft4o5jmnw3da:
    resolution: {integrity: sha512-jekFhfvqvw5+KP+ya3zK0nXlNtOTBjlhAynlIJqTOoTM08rx1s24x3S35seaxKmxVSdREClmpNgoZmaHWH6rlw==}
    peerDependencies:
      '@tanstack/react-query': ^4.3.8
      '@trpc/client': 10.15.0
      '@trpc/react-query': 10.15.0
      '@trpc/server': 10.15.0
      next: '*'
      react: '>=16.8.0'
      react-dom: '>=16.8.0'
    dependencies:
      '@tanstack/react-query': 4.26.1
      '@trpc/react-query': 10.15.0_27hdbl5jfoeo3xbyqmrxqe3xfa
      '@trpc/server': 10.15.0
      react-ssr-prepass: 1.5.0
    dev: false

  /@trpc/react-query/10.15.0_27hdbl5jfoeo3xbyqmrxqe3xfa:
    resolution: {integrity: sha512-MD8JBoviAioI3ssOzN+Uxd8uGvhgfqvtbmkdhYQkQJOBlQw+4A55BfeXykeRmIHOs6X83iiqZVVerximEzTADQ==}
    peerDependencies:
      '@tanstack/react-query': ^4.3.8
      '@trpc/client': 10.15.0
      '@trpc/server': 10.15.0
      react: '>=16.8.0'
      react-dom: '>=16.8.0'
    dependencies:
      '@tanstack/react-query': 4.26.1
      '@trpc/server': 10.15.0
    dev: false

  /@trpc/server/10.15.0:
    resolution: {integrity: sha512-Kf+wTU5iZjjjEzqZDy+o5wc4nEZKvE0yWdF9qZa72xLu6eTJ0BS2hnwQZeCZ2pIbmQb8/6lFr5igHiY4/dy0mA==}
    dev: false

  /react-ssr-prepass/1.5.0:
    resolution: {integrity: sha512-yFNHrlVEReVYKsLI5lF05tZoHveA5pGzjFbFJY/3pOqqjGOmMmqx83N4hIjN2n6E1AOa+eQEUxs3CgRnPmT0RQ==}
    peerDependencies:
      react: ^16.8.0 || ^17.0.0 || ^18.0.0
    dev: false

  /use-sync-external-store/1.2.0:
    resolution: {integrity: sha512-eEgnFxGQ1Ife9bzYs6VLi8/4X6CObHMw9Qr9tPY43iKwsPw8xE8+EFsf/2cFZ5S3esXgpWgtSCtLNS41F+sKPA==}
    peerDependencies:
      react: ^16.8.0 || ^17.0.0 || ^18.0.0
    dev: false
